
Microsoft Visual Studio Solution File, Format Version 12.00
# Visual Studio 15
VisualStudioVersion = 15.0.28307.645
MinimumVisualStudioVersion = 10.0.40219.1
Project("{9A19103F-16F7-4668-BE54-9A1E7A4F7556}") = "StringOperations", "StringDuplicates\StringOperations.csproj", "{AF661955-AA45-4B05-ABD3-517295C8BEA9}"
EndProject
Project("{9A19103F-16F7-4668-BE54-9A1E7A4F7556}") = "StringOperationsFacts", "RemoveDuplicatesFacts\StringOperationsFacts.csproj", "{D008D3F4-5C70-488F-BD9A-CB124DD27E8E}"
EndProject
Global
	GlobalSection(SolutionConfigurationPlatforms) = preSolution
		Debug|Any CPU = Debug|Any CPU
		Release|Any CPU = Release|Any CPU
	EndGlobalSection
	GlobalSection(ProjectConfigurationPlatforms) = postSolution
		{AF661955-AA45-4B05-ABD3-517295C8BEA9}.Debug|Any CPU.ActiveCfg = Debug|Any CPU
		{AF661955-AA45-4B05-ABD3-517295C8BEA9}.Debug|Any CPU.Build.0 = Debug|Any CPU
		{AF661955-AA45-4B05-ABD3-517295C8BEA9}.Release|Any CPU.ActiveCfg = Release|Any CPU
		{AF661955-AA45-4B05-ABD3-517295C8BEA9}.Release|Any CPU.Build.0 = Release|Any CPU
		{D008D3F4-5C70-488F-BD9A-CB124DD27E8E}.Debug|Any CPU.ActiveCfg = Debug|Any CPU
		{D008D3F4-5C70-488F-BD9A-CB124DD27E8E}.Debug|Any CPU.Build.0 = Debug|Any CPU
		{D008D3F4-5C70-488F-BD9A-CB124DD27E8E}.Release|Any CPU.ActiveCfg = Release|Any CPU
		{D008D3F4-5C70-488F-BD9A-CB124DD27E8E}.Release|Any CPU.Build.0 = Release|Any CPU
	EndGlobalSection
	GlobalSection(SolutionProperties) = preSolution
		HideSolutionNode = FALSE
	EndGlobalSection
	GlobalSection(ExtensibilityGlobals) = postSolution
		SolutionGuid = {BCA37E4F-F433-4E4C-AC33-23C89F053576}
	EndGlobalSection
EndGlobal
