
Microsoft Visual Studio Solution File, Format Version 12.00
# Visual Studio 15
VisualStudioVersion = 15.0.28307.645
MinimumVisualStudioVersion = 10.0.40219.1
Project("{FAE04EC0-301F-11D3-BF4B-00C04F79EFBC}") = "StringDuplicates", "StringDuplicates\StringDuplicates.csproj", "{AF661955-AA45-4B05-ABD3-517295C8BEA9}"
EndProject
Global
	GlobalSection(SolutionConfigurationPlatforms) = preSolution
		Debug|Any CPU = Debug|Any CPU
		Release|Any CPU = Release|Any CPU
	EndGlobalSection
	GlobalSection(ProjectConfigurationPlatforms) = postSolution
		{AF661955-AA45-4B05-ABD3-517295C8BEA9}.Debug|Any CPU.ActiveCfg = Debug|Any CPU
		{AF661955-AA45-4B05-ABD3-517295C8BEA9}.Debug|Any CPU.Build.0 = Debug|Any CPU
		{AF661955-AA45-4B05-ABD3-517295C8BEA9}.Release|Any CPU.ActiveCfg = Release|Any CPU
		{AF661955-AA45-4B05-ABD3-517295C8BEA9}.Release|Any CPU.Build.0 = Release|Any CPU
	EndGlobalSection
	GlobalSection(SolutionProperties) = preSolution
		HideSolutionNode = FALSE
	EndGlobalSection
	GlobalSection(ExtensibilityGlobals) = postSolution
		SolutionGuid = {BCA37E4F-F433-4E4C-AC33-23C89F053576}
	EndGlobalSection
EndGlobal
